
Microsoft Visual Studio Solution File, Format Version 12.00
# Visual Studio Version 17
VisualStudioVersion = 17.14.36212.18 d17.14
MinimumVisualStudioVersion = 10.0.40219.1
Project("{8BC9CEB8-8B4A-11D0-8D11-00A0C91BC942}") = "CPP", "CPP.vcxproj", "{AAB3BD80-321A-4CCE-80BD-ED7D4D8FFB5F}"
EndProject
Global
	GlobalSection(SolutionConfigurationPlatforms) = preSolution
		Debug|x64 = Debug|x64
		Debug|x86 = Debug|x86
		Release|x64 = Release|x64
		Release|x86 = Release|x86
	EndGlobalSection
	GlobalSection(ProjectConfigurationPlatforms) = postSolution
		{AAB3BD80-321A-4CCE-80BD-ED7D4D8FFB5F}.Debug|x64.ActiveCfg = Debug|x64
		{AAB3BD80-321A-4CCE-80BD-ED7D4D8FFB5F}.Debug|x64.Build.0 = Debug|x64
		{AAB3BD80-321A-4CCE-80BD-ED7D4D8FFB5F}.Debug|x86.ActiveCfg = Debug|Win32
		{AAB3BD80-321A-4CCE-80BD-ED7D4D8FFB5F}.Debug|x86.Build.0 = Debug|Win32
		{AAB3BD80-321A-4CCE-80BD-ED7D4D8FFB5F}.Release|x64.ActiveCfg = Release|x64
		{AAB3BD80-321A-4CCE-80BD-ED7D4D8FFB5F}.Release|x64.Build.0 = Release|x64
		{AAB3BD80-321A-4CCE-80BD-ED7D4D8FFB5F}.Release|x86.ActiveCfg = Release|Win32
		{AAB3BD80-321A-4CCE-80BD-ED7D4D8FFB5F}.Release|x86.Build.0 = Release|Win32
	EndGlobalSection
	GlobalSection(SolutionProperties) = preSolution
		HideSolutionNode = FALSE
	EndGlobalSection
	GlobalSection(ExtensibilityGlobals) = postSolution
		SolutionGuid = {A52736E0-8DF4-4199-BAE3-70BB472D6A60}
	EndGlobalSection
EndGlobal
